# THIS IS AN AUTOGENERATED FILE. DO NOT EDIT THIS FILE DIRECTLY.
# yarn lockfile v1


"@types/use-sync-external-store@^0.0.3":
  version "0.0.3"
  resolved "https://registry.yarnpkg.com/@types/use-sync-external-store/-/use-sync-external-store-0.0.3.tgz#b6725d5f4af24ace33b36fafd295136e75509f43"
  integrity sha512-EwmlvuaxPNej9+T4v5AuBPJa2x2UOJVdjCtDHgcDqitUeOtjnJKJ+apYjVcAoBEMjKW1VVFGZLUb5+qqa09XFA==

immer@^10.0.3:
  version "10.0.3"
  resolved "https://registry.yarnpkg.com/immer/-/immer-10.0.3.tgz#a8de42065e964aa3edf6afc282dfc7f7f34ae3c9"
  integrity sha512-pwupu3eWfouuaowscykeckFmVTpqbzW+rXFCX8rQLkZzM9ftBmU/++Ra+o+L27mz03zJTlyV4UUr+fdKNffo4A==

just-curry-it@5.3.0:
  version "5.3.0"
  resolved "https://registry.yarnpkg.com/just-curry-it/-/just-curry-it-5.3.0.tgz#1463602e932c5beb431a2a384dddcd48bb3c9c42"
  integrity sha512-silMIRiFjUWlfaDhkgSzpuAyQ6EX/o09Eu8ZBfmFwQMbax7+LQzeIU2CBrICT6Ne4l86ITCGvUCBpCubWYy0Yw==

react-redux@^9.1.0:
  version "9.1.0"
  resolved "https://registry.yarnpkg.com/react-redux/-/react-redux-9.1.0.tgz#46a46d4cfed4e534ce5452bb39ba18e1d98a8197"
  integrity sha512-6qoDzIO+gbrza8h3hjMA9aq4nwVFCKFtY2iLxCtVT38Swyy2C/dJCGBXHeHLtx6qlg/8qzc2MrhOeduf5K32wQ==
  dependencies:
    "@types/use-sync-external-store" "^0.0.3"
    use-sync-external-store "^1.0.0"

reduce-reducers@1.0.4:
  version "1.0.4"
  resolved "https://registry.yarnpkg.com/reduce-reducers/-/reduce-reducers-1.0.4.tgz#fb77e751a9eb0201760ac5a605ca8c9c2d0537f8"
  integrity sha512-Mb2WZ2bJF597exiqX7owBzrqJ74DHLK3yOQjCyPAaNifRncE8OD0wFIuoMhXxTnHK07+8zZ2SJEKy/qtiyR7vw==

redux-actions@^3.0.0:
  version "3.0.0"
  resolved "https://registry.yarnpkg.com/redux-actions/-/redux-actions-3.0.0.tgz#3c14f32ab27b87ba771b3691bee31c7e0513742d"
  integrity sha512-5r+G8JizsTfyfWolVDkCLL2SpZA0Sk9ao2MXwfdXkG5+72s0PcO9qEqpo51D2o8dZY2gXLjNmY5yoRB+BuizRw==
  dependencies:
    just-curry-it "5.3.0"
    reduce-reducers "1.0.4"

redux-devtools-extension@^2.13.9:
  version "2.13.9"
  resolved "https://registry.yarnpkg.com/redux-devtools-extension/-/redux-devtools-extension-2.13.9.tgz#6b764e8028b507adcb75a1cae790f71e6be08ae7"
  integrity sha512-cNJ8Q/EtjhQaZ71c8I9+BPySIBVEKssbPpskBfsXqb8HJ002A3KRVHfeRzwRo6mGPqsm7XuHTqNSNeS1Khig0A==

redux@^5.0.1:
  version "5.0.1"
  resolved "https://registry.yarnpkg.com/redux/-/redux-5.0.1.tgz#97fa26881ce5746500125585d5642c77b6e9447b"
  integrity sha512-M9/ELqF6fy8FwmkpnF0S3YKOqMyoWJ4+CS5Efg2ct3oY9daQvd/Pc71FpGZsVsbl3Cpb+IIcjBDUnnyBdQbq4w==

use-sync-external-store@^1.0.0:
  version "1.2.0"
  resolved "https://registry.yarnpkg.com/use-sync-external-store/-/use-sync-external-store-1.2.0.tgz#7dbefd6ef3fe4e767a0cf5d7287aacfb5846928a"
  integrity sha512-eEgnFxGQ1Ife9bzYs6VLi8/4X6CObHMw9Qr9tPY43iKwsPw8xE8+EFsf/2cFZ5S3esXgpWgtSCtLNS41F+sKPA==
